
Microsoft Visual Studio Solution File, Format Version 12.00
# Visual Studio Version 16
VisualStudioVersion = 16.0.31424.327
MinimumVisualStudioVersion = 10.0.40219.1
Project("{9A19103F-16F7-4668-BE54-9A1E7A4F7556}") = "WBBvNext", "WBBvNext\WBBvNext.csproj", "{2C254809-D92C-4EF6-BAB6-122F672E11AB}"
EndProject
Project("{9A19103F-16F7-4668-BE54-9A1E7A4F7556}") = "WBBvNext.Model", "WBBvNext.Model\WBBvNext.Model.csproj", "{67938624-CC2B-4AE9-A4C7-20266E5725F3}"
EndProject
Project("{9A19103F-16F7-4668-BE54-9A1E7A4F7556}") = "WBBvNext.DataAccess", "WBBvNext.DataAccess\WBBvNext.DataAccess.csproj", "{1B6F6011-ECAB-4EBC-A24D-ACE59216FF36}"
EndProject
Project("{9A19103F-16F7-4668-BE54-9A1E7A4F7556}") = "WBBvNext.ViewModel", "WBBvNext.ViewModel\WBBvNext.ViewModel.csproj", "{3DDBB9FC-5A92-417C-B5EA-0D16DDFF8FE7}"
EndProject
Project("{9A19103F-16F7-4668-BE54-9A1E7A4F7556}") = "WBBvNext.Client", "WBBvNext.Client\WBBvNext.Client.csproj", "{8CAF1467-44DA-42FF-A8BF-2F41CD78FA64}"
EndProject
Project("{9A19103F-16F7-4668-BE54-9A1E7A4F7556}") = "WBBvNext.Shared", "WBBvNext.Shared\WBBvNext.Shared.csproj", "{8855479C-B7D6-45DD-A001-D8C1819A6AEC}"
EndProject
Project("{9A19103F-16F7-4668-BE54-9A1E7A4F7556}") = "WBBvNext.Test", "WBBvNext.Test\WBBvNext.Test.csproj", "{5115454A-6B4A-4D73-80D1-9FB3566A716C}"
EndProject
Project("{9A19103F-16F7-4668-BE54-9A1E7A4F7556}") = "WBBvNext.Base", "WBBvNext.Base\WBBvNext.Base.csproj", "{B4B13A30-85A8-4D3B-B0C2-EB40842606D4}"
EndProject
Project("{2150E333-8FDC-42A3-9474-1A3956D46DE8}") = "WBBPlugs", "WBBPlugs", "{AF3842FD-EECD-4D2D-98E7-547EE544EE3C}"
EndProject
Project("{2150E333-8FDC-42A3-9474-1A3956D46DE8}") = "Libraries", "Libraries", "{A3CA4F87-45BE-448E-BB0E-7634B1306BC6}"
EndProject
Project("{2150E333-8FDC-42A3-9474-1A3956D46DE8}") = "School", "School", "{D63F6404-9772-4A78-B713-FE3B5E823065}"
EndProject
Project("{9A19103F-16F7-4668-BE54-9A1E7A4F7556}") = "WBBvNext.School.Model", "WBBPlugs\School\WBBvNext.School.Model\WBBvNext.School.Model.csproj", "{7E673AA9-84A9-4B2A-9D54-FD01D54BD048}"
EndProject
Project("{9A19103F-16F7-4668-BE54-9A1E7A4F7556}") = "WBBvNext.School.ViewModel", "WBBPlugs\School\WBBvNext.School.ViewModel\WBBvNext.School.ViewModel.csproj", "{8B9EECC8-8119-4ED5-B9A6-6CA117DA5D5A}"
EndProject
Project("{9A19103F-16F7-4668-BE54-9A1E7A4F7556}") = "WBBvNext.School.DataAccess", "WBBPlugs\School\WBBvNext.School.DataAccess\WBBvNext.School.DataAccess.csproj", "{DD34A0BB-F0C0-4243-9D16-201DD2CDF527}"
EndProject
Project("{9A19103F-16F7-4668-BE54-9A1E7A4F7556}") = "WBBvNext.School.Page", "WBBPlugs\School\WBBvNext.School.Page\WBBvNext.School.Page.csproj", "{097C3114-2884-46A0-B731-5FB30C67454B}"
EndProject
Project("{9A19103F-16F7-4668-BE54-9A1E7A4F7556}") = "BootstrapBlazor", "Libraries\BootstrapBlazor\BootstrapBlazor.csproj", "{DA12C495-304A-4895-BE07-EC52F1DAFC82}"
EndProject
Project("{9A19103F-16F7-4668-BE54-9A1E7A4F7556}") = "WalkingTec.Mvvm.Core", "Libraries\WalkingTec.Mvvm.Core\WalkingTec.Mvvm.Core.csproj", "{3177C828-F441-4F0B-A017-0C8FA6904F76}"
EndProject
Project("{9A19103F-16F7-4668-BE54-9A1E7A4F7556}") = "WalkingTec.Mvvm.Mvc", "Libraries\WalkingTec.Mvvm.Mvc\WalkingTec.Mvvm.Mvc.csproj", "{7F3A8BE8-65C6-428E-9C71-16783DF3AA9D}"
EndProject
Project("{9A19103F-16F7-4668-BE54-9A1E7A4F7556}") = "WalkingTec.Mvvm.TagHelpers.LayUI", "Libraries\WalkingTec.Mvvm.TagHelpers.LayUI\WalkingTec.Mvvm.TagHelpers.LayUI.csproj", "{7F3B2145-47A6-4AB6-B017-1871F7FB1F1D}"
EndProject
Project("{9A19103F-16F7-4668-BE54-9A1E7A4F7556}") = "WBBvNext.School.Extension", "WBBPlugs\School\WBBvNext.School.Extension\WBBvNext.School.Extension.csproj", "{A5B77392-EA37-471F-B358-D414E7335C4B}"
EndProject
Project("{2150E333-8FDC-42A3-9474-1A3956D46DE8}") = "WBB", "WBB", "{7D23288A-D0A5-4D47-A924-59E9E587BF8F}"
EndProject
Project("{9A19103F-16F7-4668-BE54-9A1E7A4F7556}") = "WBBvNext.WBB.Page", "WBBPlugs\WBB\WBBvNext.WBB.Page\WBBvNext.WBB.Page.csproj", "{FAF14E28-DFF7-4DA6-8FF8-964C05D2FFC1}"
EndProject
Project("{9A19103F-16F7-4668-BE54-9A1E7A4F7556}") = "WBBvNext.WBB.Extension", "WBBPlugs\WBB\WBBvNext.WBB.Extension\WBBvNext.WBB.Extension.csproj", "{8E10053B-8E09-4596-B7EA-BB2E9F9587DD}"
EndProject
Project("{9A19103F-16F7-4668-BE54-9A1E7A4F7556}") = "BootstrapBlazor.Markdown", "Libraries\BootstrapBlazor.Markdown\BootstrapBlazor.Markdown.csproj", "{FB924A35-4255-4394-83F8-060F3D026194}"
EndProject
Project("{2150E333-8FDC-42A3-9474-1A3956D46DE8}") = "Doc", "Doc", "{BF3CA2D8-352C-452F-ACCF-64F51561EF24}"
EndProject
Project("{9A19103F-16F7-4668-BE54-9A1E7A4F7556}") = "WBBvNext.Doc.Page", "WBBPlugs\Doc\WBBvNext.Doc.Page\WBBvNext.Doc.Page.csproj", "{B62AF9E2-D396-4923-B972-B14374117A7C}"
EndProject
Project("{9A19103F-16F7-4668-BE54-9A1E7A4F7556}") = "WBBvNext.Doc.Extension", "WBBPlugs\Doc\WBBvNext.Doc.Extension\WBBvNext.Doc.Extension.csproj", "{140240F2-F843-4559-87F5-E25B4949FC4E}"
EndProject
Project("{2150E333-8FDC-42A3-9474-1A3956D46DE8}") = "PDF", "PDF", "{F0804F23-3324-43C4-B492-D4BDFE4FD942}"
EndProject
Project("{9A19103F-16F7-4668-BE54-9A1E7A4F7556}") = "WBBvNext.PDF.Extension", "WBBPlugs\PDF\WBBvNext.PDF.Extension\WBBvNext.PDF.Extension.csproj", "{A97B62E6-3A52-458C-B973-61C3E02B6E7C}"
EndProject
Project("{9A19103F-16F7-4668-BE54-9A1E7A4F7556}") = "BootstrapBlazor.Chart", "Libraries\BootstrapBlazor.Chart\BootstrapBlazor.Chart.csproj", "{EA2A4089-9839-4985-B890-5BFF016712F5}"
EndProject
Project("{9A19103F-16F7-4668-BE54-9A1E7A4F7556}") = "WBBvNext.School.Test", "WBBPlugs\School\WBBvNext.School.Test\WBBvNext.School.Test.csproj", "{7DFCCB93-8A4A-40BC-9CE5-6C824BEFDBDD}"
EndProject
Project("{9A19103F-16F7-4668-BE54-9A1E7A4F7556}") = "WBBvNext.School.Abstract", "WBBPlugs\School\WBBvNext.School.Abstract\WBBvNext.School.Abstract.csproj", "{7D3CBB21-89D7-4849-B934-2B6EDAA32595}"
EndProject
Project("{9A19103F-16F7-4668-BE54-9A1E7A4F7556}") = "WBBvNext.WBB.Abstract", "WBBPlugs\WBB\WBBvNext.WBB.Abstract\WBBvNext.WBB.Abstract.csproj", "{F6719168-2BE7-4394-8E29-7D50AB8435BD}"
EndProject
Project("{2150E333-8FDC-42A3-9474-1A3956D46DE8}") = "Feedback", "Feedback", "{0398A599-C174-4534-A6EE-F5BFE5D07145}"
EndProject
Project("{9A19103F-16F7-4668-BE54-9A1E7A4F7556}") = "WBBvNext.Feedback.Abstract", "WBBPlugs\Feedback\WBBvNext.Feedback.Abstract\WBBvNext.Feedback.Abstract.csproj", "{F0134F6D-5C64-449D-8C60-42E5212CE5F4}"
EndProject
Project("{9A19103F-16F7-4668-BE54-9A1E7A4F7556}") = "WBBvNext.Feedback.Model", "WBBPlugs\Feedback\WBBvNext.Feedback.Model\WBBvNext.Feedback.Model.csproj", "{F08F789F-37D3-4BE4-B3BA-E5A45195A953}"
EndProject
Project("{9A19103F-16F7-4668-BE54-9A1E7A4F7556}") = "WBBvNext.Feedback.Extension", "WBBPlugs\Feedback\WBBvNext.Feedback.Extension\WBBvNext.Feedback.Extension.csproj", "{AB97BFC9-CD73-487F-8803-D2339DA0B4B9}"
EndProject
Project("{9A19103F-16F7-4668-BE54-9A1E7A4F7556}") = "WBBvNext.Feedback.DataAccess", "WBBPlugs\Feedback\WBBvNext.Feedback.DataAccess\WBBvNext.Feedback.DataAccess.csproj", "{7143F55D-000A-42F4-B43B-91C713C6B6B1}"
EndProject
Project("{9A19103F-16F7-4668-BE54-9A1E7A4F7556}") = "WBBvNext.Feedback.ViewModel", "WBBPlugs\Feedback\WBBvNext.Feedback.ViewModel\WBBvNext.Feedback.ViewModel.csproj", "{B381BCD2-81C3-4338-AFDC-D7CD2FEB1AB0}"
EndProject
Project("{9A19103F-16F7-4668-BE54-9A1E7A4F7556}") = "WBBvNext.Feedback.Test", "WBBPlugs\Feedback\WBBvNext.Feedback.Test\WBBvNext.Feedback.Test.csproj", "{5EE688B4-ADD6-4B23-9DCA-E92F28C25971}"
EndProject
Project("{9A19103F-16F7-4668-BE54-9A1E7A4F7556}") = "WBBvNext.Feedback.Page", "WBBPlugs\Feedback\WBBvNext.Feedback.Page\WBBvNext.Feedback.Page.csproj", "{D638FC1E-2328-45A3-8BED-6E88CA976960}"
EndProject
Global
	GlobalSection(SolutionConfigurationPlatforms) = preSolution
		Debug|Any CPU = Debug|Any CPU
		Release|Any CPU = Release|Any CPU
	EndGlobalSection
	GlobalSection(ProjectConfigurationPlatforms) = postSolution
		{2C254809-D92C-4EF6-BAB6-122F672E11AB}.Debug|Any CPU.ActiveCfg = Debug|Any CPU
		{2C254809-D92C-4EF6-BAB6-122F672E11AB}.Debug|Any CPU.Build.0 = Debug|Any CPU
		{2C254809-D92C-4EF6-BAB6-122F672E11AB}.Release|Any CPU.ActiveCfg = Release|Any CPU
		{2C254809-D92C-4EF6-BAB6-122F672E11AB}.Release|Any CPU.Build.0 = Release|Any CPU
		{67938624-CC2B-4AE9-A4C7-20266E5725F3}.Debug|Any CPU.ActiveCfg = Debug|Any CPU
		{67938624-CC2B-4AE9-A4C7-20266E5725F3}.Debug|Any CPU.Build.0 = Debug|Any CPU
		{67938624-CC2B-4AE9-A4C7-20266E5725F3}.Release|Any CPU.ActiveCfg = Release|Any CPU
		{67938624-CC2B-4AE9-A4C7-20266E5725F3}.Release|Any CPU.Build.0 = Release|Any CPU
		{1B6F6011-ECAB-4EBC-A24D-ACE59216FF36}.Debug|Any CPU.ActiveCfg = Debug|Any CPU
		{1B6F6011-ECAB-4EBC-A24D-ACE59216FF36}.Debug|Any CPU.Build.0 = Debug|Any CPU
		{1B6F6011-ECAB-4EBC-A24D-ACE59216FF36}.Release|Any CPU.ActiveCfg = Release|Any CPU
		{1B6F6011-ECAB-4EBC-A24D-ACE59216FF36}.Release|Any CPU.Build.0 = Release|Any CPU
		{3DDBB9FC-5A92-417C-B5EA-0D16DDFF8FE7}.Debug|Any CPU.ActiveCfg = Debug|Any CPU
		{3DDBB9FC-5A92-417C-B5EA-0D16DDFF8FE7}.Debug|Any CPU.Build.0 = Debug|Any CPU
		{3DDBB9FC-5A92-417C-B5EA-0D16DDFF8FE7}.Release|Any CPU.ActiveCfg = Release|Any CPU
		{3DDBB9FC-5A92-417C-B5EA-0D16DDFF8FE7}.Release|Any CPU.Build.0 = Release|Any CPU
		{8CAF1467-44DA-42FF-A8BF-2F41CD78FA64}.Debug|Any CPU.ActiveCfg = Debug|Any CPU
		{8CAF1467-44DA-42FF-A8BF-2F41CD78FA64}.Debug|Any CPU.Build.0 = Debug|Any CPU
		{8CAF1467-44DA-42FF-A8BF-2F41CD78FA64}.Release|Any CPU.ActiveCfg = Release|Any CPU
		{8CAF1467-44DA-42FF-A8BF-2F41CD78FA64}.Release|Any CPU.Build.0 = Release|Any CPU
		{8855479C-B7D6-45DD-A001-D8C1819A6AEC}.Debug|Any CPU.ActiveCfg = Debug|Any CPU
		{8855479C-B7D6-45DD-A001-D8C1819A6AEC}.Debug|Any CPU.Build.0 = Debug|Any CPU
		{8855479C-B7D6-45DD-A001-D8C1819A6AEC}.Release|Any CPU.ActiveCfg = Release|Any CPU
		{8855479C-B7D6-45DD-A001-D8C1819A6AEC}.Release|Any CPU.Build.0 = Release|Any CPU
		{5115454A-6B4A-4D73-80D1-9FB3566A716C}.Debug|Any CPU.ActiveCfg = Debug|Any CPU
		{5115454A-6B4A-4D73-80D1-9FB3566A716C}.Debug|Any CPU.Build.0 = Debug|Any CPU
		{5115454A-6B4A-4D73-80D1-9FB3566A716C}.Release|Any CPU.ActiveCfg = Release|Any CPU
		{5115454A-6B4A-4D73-80D1-9FB3566A716C}.Release|Any CPU.Build.0 = Release|Any CPU
		{B4B13A30-85A8-4D3B-B0C2-EB40842606D4}.Debug|Any CPU.ActiveCfg = Debug|Any CPU
		{B4B13A30-85A8-4D3B-B0C2-EB40842606D4}.Debug|Any CPU.Build.0 = Debug|Any CPU
		{B4B13A30-85A8-4D3B-B0C2-EB40842606D4}.Release|Any CPU.ActiveCfg = Release|Any CPU
		{B4B13A30-85A8-4D3B-B0C2-EB40842606D4}.Release|Any CPU.Build.0 = Release|Any CPU
		{7E673AA9-84A9-4B2A-9D54-FD01D54BD048}.Debug|Any CPU.ActiveCfg = Debug|Any CPU
		{7E673AA9-84A9-4B2A-9D54-FD01D54BD048}.Debug|Any CPU.Build.0 = Debug|Any CPU
		{7E673AA9-84A9-4B2A-9D54-FD01D54BD048}.Release|Any CPU.ActiveCfg = Release|Any CPU
		{7E673AA9-84A9-4B2A-9D54-FD01D54BD048}.Release|Any CPU.Build.0 = Release|Any CPU
		{8B9EECC8-8119-4ED5-B9A6-6CA117DA5D5A}.Debug|Any CPU.ActiveCfg = Debug|Any CPU
		{8B9EECC8-8119-4ED5-B9A6-6CA117DA5D5A}.Debug|Any CPU.Build.0 = Debug|Any CPU
		{8B9EECC8-8119-4ED5-B9A6-6CA117DA5D5A}.Release|Any CPU.ActiveCfg = Release|Any CPU
		{8B9EECC8-8119-4ED5-B9A6-6CA117DA5D5A}.Release|Any CPU.Build.0 = Release|Any CPU
		{DD34A0BB-F0C0-4243-9D16-201DD2CDF527}.Debug|Any CPU.ActiveCfg = Debug|Any CPU
		{DD34A0BB-F0C0-4243-9D16-201DD2CDF527}.Debug|Any CPU.Build.0 = Debug|Any CPU
		{DD34A0BB-F0C0-4243-9D16-201DD2CDF527}.Release|Any CPU.ActiveCfg = Release|Any CPU
		{DD34A0BB-F0C0-4243-9D16-201DD2CDF527}.Release|Any CPU.Build.0 = Release|Any CPU
		{097C3114-2884-46A0-B731-5FB30C67454B}.Debug|Any CPU.ActiveCfg = Debug|Any CPU
		{097C3114-2884-46A0-B731-5FB30C67454B}.Debug|Any CPU.Build.0 = Debug|Any CPU
		{097C3114-2884-46A0-B731-5FB30C67454B}.Release|Any CPU.ActiveCfg = Release|Any CPU
		{097C3114-2884-46A0-B731-5FB30C67454B}.Release|Any CPU.Build.0 = Release|Any CPU
		{DA12C495-304A-4895-BE07-EC52F1DAFC82}.Debug|Any CPU.ActiveCfg = Debug|Any CPU
		{DA12C495-304A-4895-BE07-EC52F1DAFC82}.Debug|Any CPU.Build.0 = Debug|Any CPU
		{DA12C495-304A-4895-BE07-EC52F1DAFC82}.Release|Any CPU.ActiveCfg = Release|Any CPU
		{DA12C495-304A-4895-BE07-EC52F1DAFC82}.Release|Any CPU.Build.0 = Release|Any CPU
		{3177C828-F441-4F0B-A017-0C8FA6904F76}.Debug|Any CPU.ActiveCfg = Debug|Any CPU
		{3177C828-F441-4F0B-A017-0C8FA6904F76}.Debug|Any CPU.Build.0 = Debug|Any CPU
		{3177C828-F441-4F0B-A017-0C8FA6904F76}.Release|Any CPU.ActiveCfg = Release|Any CPU
		{3177C828-F441-4F0B-A017-0C8FA6904F76}.Release|Any CPU.Build.0 = Release|Any CPU
		{7F3A8BE8-65C6-428E-9C71-16783DF3AA9D}.Debug|Any CPU.ActiveCfg = Debug|Any CPU
		{7F3A8BE8-65C6-428E-9C71-16783DF3AA9D}.Debug|Any CPU.Build.0 = Debug|Any CPU
		{7F3A8BE8-65C6-428E-9C71-16783DF3AA9D}.Release|Any CPU.ActiveCfg = Release|Any CPU
		{7F3A8BE8-65C6-428E-9C71-16783DF3AA9D}.Release|Any CPU.Build.0 = Release|Any CPU
		{7F3B2145-47A6-4AB6-B017-1871F7FB1F1D}.Debug|Any CPU.ActiveCfg = Debug|Any CPU
		{7F3B2145-47A6-4AB6-B017-1871F7FB1F1D}.Debug|Any CPU.Build.0 = Debug|Any CPU
		{7F3B2145-47A6-4AB6-B017-1871F7FB1F1D}.Release|Any CPU.ActiveCfg = Release|Any CPU
		{7F3B2145-47A6-4AB6-B017-1871F7FB1F1D}.Release|Any CPU.Build.0 = Release|Any CPU
		{A5B77392-EA37-471F-B358-D414E7335C4B}.Debug|Any CPU.ActiveCfg = Debug|Any CPU
		{A5B77392-EA37-471F-B358-D414E7335C4B}.Debug|Any CPU.Build.0 = Debug|Any CPU
		{A5B77392-EA37-471F-B358-D414E7335C4B}.Release|Any CPU.ActiveCfg = Release|Any CPU
		{A5B77392-EA37-471F-B358-D414E7335C4B}.Release|Any CPU.Build.0 = Release|Any CPU
		{FAF14E28-DFF7-4DA6-8FF8-964C05D2FFC1}.Debug|Any CPU.ActiveCfg = Debug|Any CPU
		{FAF14E28-DFF7-4DA6-8FF8-964C05D2FFC1}.Debug|Any CPU.Build.0 = Debug|Any CPU
		{FAF14E28-DFF7-4DA6-8FF8-964C05D2FFC1}.Release|Any CPU.ActiveCfg = Release|Any CPU
		{FAF14E28-DFF7-4DA6-8FF8-964C05D2FFC1}.Release|Any CPU.Build.0 = Release|Any CPU
		{8E10053B-8E09-4596-B7EA-BB2E9F9587DD}.Debug|Any CPU.ActiveCfg = Debug|Any CPU
		{8E10053B-8E09-4596-B7EA-BB2E9F9587DD}.Debug|Any CPU.Build.0 = Debug|Any CPU
		{8E10053B-8E09-4596-B7EA-BB2E9F9587DD}.Release|Any CPU.ActiveCfg = Release|Any CPU
		{8E10053B-8E09-4596-B7EA-BB2E9F9587DD}.Release|Any CPU.Build.0 = Release|Any CPU
		{FB924A35-4255-4394-83F8-060F3D026194}.Debug|Any CPU.ActiveCfg = Debug|Any CPU
		{FB924A35-4255-4394-83F8-060F3D026194}.Debug|Any CPU.Build.0 = Debug|Any CPU
		{FB924A35-4255-4394-83F8-060F3D026194}.Release|Any CPU.ActiveCfg = Release|Any CPU
		{FB924A35-4255-4394-83F8-060F3D026194}.Release|Any CPU.Build.0 = Release|Any CPU
		{B62AF9E2-D396-4923-B972-B14374117A7C}.Debug|Any CPU.ActiveCfg = Debug|Any CPU
		{B62AF9E2-D396-4923-B972-B14374117A7C}.Debug|Any CPU.Build.0 = Debug|Any CPU
		{B62AF9E2-D396-4923-B972-B14374117A7C}.Release|Any CPU.ActiveCfg = Release|Any CPU
		{B62AF9E2-D396-4923-B972-B14374117A7C}.Release|Any CPU.Build.0 = Release|Any CPU
		{140240F2-F843-4559-87F5-E25B4949FC4E}.Debug|Any CPU.ActiveCfg = Debug|Any CPU
		{140240F2-F843-4559-87F5-E25B4949FC4E}.Debug|Any CPU.Build.0 = Debug|Any CPU
		{140240F2-F843-4559-87F5-E25B4949FC4E}.Release|Any CPU.ActiveCfg = Release|Any CPU
		{140240F2-F843-4559-87F5-E25B4949FC4E}.Release|Any CPU.Build.0 = Release|Any CPU
		{A97B62E6-3A52-458C-B973-61C3E02B6E7C}.Debug|Any CPU.ActiveCfg = Debug|Any CPU
		{A97B62E6-3A52-458C-B973-61C3E02B6E7C}.Debug|Any CPU.Build.0 = Debug|Any CPU
		{A97B62E6-3A52-458C-B973-61C3E02B6E7C}.Release|Any CPU.ActiveCfg = Release|Any CPU
		{A97B62E6-3A52-458C-B973-61C3E02B6E7C}.Release|Any CPU.Build.0 = Release|Any CPU
		{EA2A4089-9839-4985-B890-5BFF016712F5}.Debug|Any CPU.ActiveCfg = Debug|Any CPU
		{EA2A4089-9839-4985-B890-5BFF016712F5}.Debug|Any CPU.Build.0 = Debug|Any CPU
		{EA2A4089-9839-4985-B890-5BFF016712F5}.Release|Any CPU.ActiveCfg = Release|Any CPU
		{EA2A4089-9839-4985-B890-5BFF016712F5}.Release|Any CPU.Build.0 = Release|Any CPU
		{7DFCCB93-8A4A-40BC-9CE5-6C824BEFDBDD}.Debug|Any CPU.ActiveCfg = Debug|Any CPU
		{7DFCCB93-8A4A-40BC-9CE5-6C824BEFDBDD}.Debug|Any CPU.Build.0 = Debug|Any CPU
		{7DFCCB93-8A4A-40BC-9CE5-6C824BEFDBDD}.Release|Any CPU.ActiveCfg = Release|Any CPU
		{7DFCCB93-8A4A-40BC-9CE5-6C824BEFDBDD}.Release|Any CPU.Build.0 = Release|Any CPU
		{7D3CBB21-89D7-4849-B934-2B6EDAA32595}.Debug|Any CPU.ActiveCfg = Debug|Any CPU
		{7D3CBB21-89D7-4849-B934-2B6EDAA32595}.Debug|Any CPU.Build.0 = Debug|Any CPU
		{7D3CBB21-89D7-4849-B934-2B6EDAA32595}.Release|Any CPU.ActiveCfg = Release|Any CPU
		{7D3CBB21-89D7-4849-B934-2B6EDAA32595}.Release|Any CPU.Build.0 = Release|Any CPU
		{F6719168-2BE7-4394-8E29-7D50AB8435BD}.Debug|Any CPU.ActiveCfg = Debug|Any CPU
		{F6719168-2BE7-4394-8E29-7D50AB8435BD}.Debug|Any CPU.Build.0 = Debug|Any CPU
		{F6719168-2BE7-4394-8E29-7D50AB8435BD}.Release|Any CPU.ActiveCfg = Release|Any CPU
		{F6719168-2BE7-4394-8E29-7D50AB8435BD}.Release|Any CPU.Build.0 = Release|Any CPU
		{F0134F6D-5C64-449D-8C60-42E5212CE5F4}.Debug|Any CPU.ActiveCfg = Debug|Any CPU
		{F0134F6D-5C64-449D-8C60-42E5212CE5F4}.Debug|Any CPU.Build.0 = Debug|Any CPU
		{F0134F6D-5C64-449D-8C60-42E5212CE5F4}.Release|Any CPU.ActiveCfg = Release|Any CPU
		{F0134F6D-5C64-449D-8C60-42E5212CE5F4}.Release|Any CPU.Build.0 = Release|Any CPU
		{F08F789F-37D3-4BE4-B3BA-E5A45195A953}.Debug|Any CPU.ActiveCfg = Debug|Any CPU
		{F08F789F-37D3-4BE4-B3BA-E5A45195A953}.Debug|Any CPU.Build.0 = Debug|Any CPU
		{F08F789F-37D3-4BE4-B3BA-E5A45195A953}.Release|Any CPU.ActiveCfg = Release|Any CPU
		{F08F789F-37D3-4BE4-B3BA-E5A45195A953}.Release|Any CPU.Build.0 = Release|Any CPU
		{AB97BFC9-CD73-487F-8803-D2339DA0B4B9}.Debug|Any CPU.ActiveCfg = Debug|Any CPU
		{AB97BFC9-CD73-487F-8803-D2339DA0B4B9}.Debug|Any CPU.Build.0 = Debug|Any CPU
		{AB97BFC9-CD73-487F-8803-D2339DA0B4B9}.Release|Any CPU.ActiveCfg = Release|Any CPU
		{AB97BFC9-CD73-487F-8803-D2339DA0B4B9}.Release|Any CPU.Build.0 = Release|Any CPU
		{7143F55D-000A-42F4-B43B-91C713C6B6B1}.Debug|Any CPU.ActiveCfg = Debug|Any CPU
		{7143F55D-000A-42F4-B43B-91C713C6B6B1}.Debug|Any CPU.Build.0 = Debug|Any CPU
		{7143F55D-000A-42F4-B43B-91C713C6B6B1}.Release|Any CPU.ActiveCfg = Release|Any CPU
		{7143F55D-000A-42F4-B43B-91C713C6B6B1}.Release|Any CPU.Build.0 = Release|Any CPU
		{B381BCD2-81C3-4338-AFDC-D7CD2FEB1AB0}.Debug|Any CPU.ActiveCfg = Debug|Any CPU
		{B381BCD2-81C3-4338-AFDC-D7CD2FEB1AB0}.Debug|Any CPU.Build.0 = Debug|Any CPU
		{B381BCD2-81C3-4338-AFDC-D7CD2FEB1AB0}.Release|Any CPU.ActiveCfg = Release|Any CPU
		{B381BCD2-81C3-4338-AFDC-D7CD2FEB1AB0}.Release|Any CPU.Build.0 = Release|Any CPU
		{5EE688B4-ADD6-4B23-9DCA-E92F28C25971}.Debug|Any CPU.ActiveCfg = Debug|Any CPU
		{5EE688B4-ADD6-4B23-9DCA-E92F28C25971}.Debug|Any CPU.Build.0 = Debug|Any CPU
		{5EE688B4-ADD6-4B23-9DCA-E92F28C25971}.Release|Any CPU.ActiveCfg = Release|Any CPU
		{5EE688B4-ADD6-4B23-9DCA-E92F28C25971}.Release|Any CPU.Build.0 = Release|Any CPU
		{D638FC1E-2328-45A3-8BED-6E88CA976960}.Debug|Any CPU.ActiveCfg = Debug|Any CPU
		{D638FC1E-2328-45A3-8BED-6E88CA976960}.Debug|Any CPU.Build.0 = Debug|Any CPU
		{D638FC1E-2328-45A3-8BED-6E88CA976960}.Release|Any CPU.ActiveCfg = Release|Any CPU
		{D638FC1E-2328-45A3-8BED-6E88CA976960}.Release|Any CPU.Build.0 = Release|Any CPU
	EndGlobalSection
	GlobalSection(SolutionProperties) = preSolution
		HideSolutionNode = FALSE
	EndGlobalSection
	GlobalSection(NestedProjects) = preSolution
		{D63F6404-9772-4A78-B713-FE3B5E823065} = {AF3842FD-EECD-4D2D-98E7-547EE544EE3C}
		{7E673AA9-84A9-4B2A-9D54-FD01D54BD048} = {D63F6404-9772-4A78-B713-FE3B5E823065}
		{8B9EECC8-8119-4ED5-B9A6-6CA117DA5D5A} = {D63F6404-9772-4A78-B713-FE3B5E823065}
		{DD34A0BB-F0C0-4243-9D16-201DD2CDF527} = {D63F6404-9772-4A78-B713-FE3B5E823065}
		{097C3114-2884-46A0-B731-5FB30C67454B} = {D63F6404-9772-4A78-B713-FE3B5E823065}
		{DA12C495-304A-4895-BE07-EC52F1DAFC82} = {A3CA4F87-45BE-448E-BB0E-7634B1306BC6}
		{3177C828-F441-4F0B-A017-0C8FA6904F76} = {A3CA4F87-45BE-448E-BB0E-7634B1306BC6}
		{7F3A8BE8-65C6-428E-9C71-16783DF3AA9D} = {A3CA4F87-45BE-448E-BB0E-7634B1306BC6}
		{7F3B2145-47A6-4AB6-B017-1871F7FB1F1D} = {A3CA4F87-45BE-448E-BB0E-7634B1306BC6}
		{A5B77392-EA37-471F-B358-D414E7335C4B} = {D63F6404-9772-4A78-B713-FE3B5E823065}
		{7D23288A-D0A5-4D47-A924-59E9E587BF8F} = {AF3842FD-EECD-4D2D-98E7-547EE544EE3C}
		{FAF14E28-DFF7-4DA6-8FF8-964C05D2FFC1} = {7D23288A-D0A5-4D47-A924-59E9E587BF8F}
		{8E10053B-8E09-4596-B7EA-BB2E9F9587DD} = {7D23288A-D0A5-4D47-A924-59E9E587BF8F}
		{FB924A35-4255-4394-83F8-060F3D026194} = {A3CA4F87-45BE-448E-BB0E-7634B1306BC6}
		{BF3CA2D8-352C-452F-ACCF-64F51561EF24} = {AF3842FD-EECD-4D2D-98E7-547EE544EE3C}
		{B62AF9E2-D396-4923-B972-B14374117A7C} = {BF3CA2D8-352C-452F-ACCF-64F51561EF24}
		{140240F2-F843-4559-87F5-E25B4949FC4E} = {BF3CA2D8-352C-452F-ACCF-64F51561EF24}
		{F0804F23-3324-43C4-B492-D4BDFE4FD942} = {AF3842FD-EECD-4D2D-98E7-547EE544EE3C}
		{A97B62E6-3A52-458C-B973-61C3E02B6E7C} = {F0804F23-3324-43C4-B492-D4BDFE4FD942}
		{EA2A4089-9839-4985-B890-5BFF016712F5} = {A3CA4F87-45BE-448E-BB0E-7634B1306BC6}
		{7DFCCB93-8A4A-40BC-9CE5-6C824BEFDBDD} = {D63F6404-9772-4A78-B713-FE3B5E823065}
		{7D3CBB21-89D7-4849-B934-2B6EDAA32595} = {D63F6404-9772-4A78-B713-FE3B5E823065}
		{F6719168-2BE7-4394-8E29-7D50AB8435BD} = {7D23288A-D0A5-4D47-A924-59E9E587BF8F}
		{0398A599-C174-4534-A6EE-F5BFE5D07145} = {AF3842FD-EECD-4D2D-98E7-547EE544EE3C}
		{F0134F6D-5C64-449D-8C60-42E5212CE5F4} = {0398A599-C174-4534-A6EE-F5BFE5D07145}
		{F08F789F-37D3-4BE4-B3BA-E5A45195A953} = {0398A599-C174-4534-A6EE-F5BFE5D07145}
		{AB97BFC9-CD73-487F-8803-D2339DA0B4B9} = {0398A599-C174-4534-A6EE-F5BFE5D07145}
		{7143F55D-000A-42F4-B43B-91C713C6B6B1} = {0398A599-C174-4534-A6EE-F5BFE5D07145}
		{B381BCD2-81C3-4338-AFDC-D7CD2FEB1AB0} = {0398A599-C174-4534-A6EE-F5BFE5D07145}
		{5EE688B4-ADD6-4B23-9DCA-E92F28C25971} = {0398A599-C174-4534-A6EE-F5BFE5D07145}
		{D638FC1E-2328-45A3-8BED-6E88CA976960} = {0398A599-C174-4534-A6EE-F5BFE5D07145}
	EndGlobalSection
	GlobalSection(ExtensibilityGlobals) = postSolution
		SolutionGuid = {1F219808-E6E8-4C1D-B846-41F2F7CF20FA}
	EndGlobalSection
EndGlobal
